
Microsoft Visual Studio Solution File, Format Version 12.00
# Visual Studio Version 17
VisualStudioVersion = 17.14.36310.24
MinimumVisualStudioVersion = 10.0.40219.1
Project("{FAE04EC0-301F-11D3-BF4B-00C04F79EFBC}") = "BookChapters", "BookChapters\BookChapters.csproj", "{A24A7541-8EE2-1666-9B62-DB4CDC919372}"
EndProject
Global
	GlobalSection(SolutionConfigurationPlatforms) = preSolution
		Debug|Any CPU = Debug|Any CPU
		Release|Any CPU = Release|Any CPU
	EndGlobalSection
	GlobalSection(ProjectConfigurationPlatforms) = postSolution
		{A24A7541-8EE2-1666-9B62-DB4CDC919372}.Debug|Any CPU.ActiveCfg = Debug|Any CPU
		{A24A7541-8EE2-1666-9B62-DB4CDC919372}.Debug|Any CPU.Build.0 = Debug|Any CPU
		{A24A7541-8EE2-1666-9B62-DB4CDC919372}.Release|Any CPU.ActiveCfg = Release|Any CPU
		{A24A7541-8EE2-1666-9B62-DB4CDC919372}.Release|Any CPU.Build.0 = Release|Any CPU
	EndGlobalSection
	GlobalSection(SolutionProperties) = preSolution
		HideSolutionNode = FALSE
	EndGlobalSection
	GlobalSection(ExtensibilityGlobals) = postSolution
		SolutionGuid = {2DA46F25-384F-4D49-8A41-3FB313949A43}
	EndGlobalSection
EndGlobal
